# THIS IS AN AUTOGENERATED FILE. DO NOT EDIT THIS FILE DIRECTLY.
# yarn lockfile v1


"@babel/standalone@^7.9.5":
  version "7.9.5"
  resolved "https://registry.npm.taobao.org/@babel/standalone/download/@babel/standalone-7.9.5.tgz#aba82195a39a8ed8ae56eacff72cf2bda551a7c3"
  integrity sha1-q6ghlaOajtiuVurP9yzyvaVRp8M=
