# THIS IS AN AUTOGENERATED FILE. DO NOT EDIT THIS FILE DIRECTLY.
# yarn lockfile v1


promisify-call@^2.0.4:
  version "2.0.4"
  resolved "https://registry.npm.taobao.org/promisify-call/download/promisify-call-2.0.4.tgz#d48c2d45652ccccd52801ddecbd533a6d4bd5fba"
  integrity sha1-1IwtRWUszM1SgB3ey9UzptS9X7o=
  dependencies:
    with-callback "^1.0.2"

with-callback@^1.0.2:
  version "1.0.2"
  resolved "https://registry.npm.taobao.org/with-callback/download/with-callback-1.0.2.tgz#a09629b9a920028d721404fb435bdcff5c91bc21"
  integrity sha1-oJYpuakgAo1yFAT7Q1vc/1yRvCE=
